
Microsoft Visual Studio Solution File, Format Version 12.00
# Visual Studio 14
VisualStudioVersion = 14.0.24720.0
MinimumVisualStudioVersion = 10.0.40219.1
Project("{FAE04EC0-301F-11D3-BF4B-00C04F79EFBC}") = "LegendOfZelda", "LegendOfZelda\LegendOfZelda.csproj", "{89A2E8D1-7B3B-4B3D-A6EA-FB530E556C39}"
EndProject
Global
	GlobalSection(SolutionConfigurationPlatforms) = preSolution
		Debug|x86 = Debug|x86
		Release|x86 = Release|x86
	EndGlobalSection
	GlobalSection(ProjectConfigurationPlatforms) = postSolution
		{89A2E8D1-7B3B-4B3D-A6EA-FB530E556C39}.Debug|x86.ActiveCfg = Debug|x86
		{89A2E8D1-7B3B-4B3D-A6EA-FB530E556C39}.Debug|x86.Build.0 = Debug|x86
		{89A2E8D1-7B3B-4B3D-A6EA-FB530E556C39}.Release|x86.ActiveCfg = Release|x86
		{89A2E8D1-7B3B-4B3D-A6EA-FB530E556C39}.Release|x86.Build.0 = Release|x86
	EndGlobalSection
	GlobalSection(SolutionProperties) = preSolution
		HideSolutionNode = FALSE
	EndGlobalSection
EndGlobal
